PODS:
  - Flutter (1.0.0)
  - flutter_rotation_sensor (0.0.1):
    - Flutter
  - geolocator_apple (1.2.0):
    - Flutter
  - ObjectBox (4.4.1)
  - objectbox_flutter_libs (0.0.1):
    - Flutter
    - ObjectBox (= 4.4.1)
  - permission_handler_apple (9.3.0):
    - Flutter

DEPENDENCIES:
  - Flutter (from `Flutter`)
  - flutter_rotation_sensor (from `.symlinks/plugins/flutter_rotation_sensor/ios`)
  - geolocator_apple (from `.symlinks/plugins/geolocator_apple/ios`)
  - objectbox_flutter_libs (from `.symlinks/plugins/objectbox_flutter_libs/ios`)
  - permission_handler_apple (from `.symlinks/plugins/permission_handler_apple/ios`)

SPEC REPOS:
  trunk:
    - ObjectBox

EXTERNAL SOURCES:
  Flutter:
    :path: Flutter
  flutter_rotation_sensor:
    :path: ".symlinks/plugins/flutter_rotation_sensor/ios"
  geolocator_apple:
    :path: ".symlinks/plugins/geolocator_apple/ios"
  objectbox_flutter_libs:
    :path: ".symlinks/plugins/objectbox_flutter_libs/ios"
  permission_handler_apple:
    :path: ".symlinks/plugins/permission_handler_apple/ios"

SPEC CHECKSUMS:
  Flutter: cabc95a1d2626b1b06e7179b784ebcf0c0cde467
  flutter_rotation_sensor: f37d8d24050572029bdd2d55a93e0f334e2eeac6
  geolocator_apple: 9bcea1918ff7f0062d98345d238ae12718acfbc1
  ObjectBox: 7da4aceb5013d041bfafdbc6d744a26918b09757
  objectbox_flutter_libs: 7a6ea1d74b43f5d970e6571d1b79e4b181b33d81
  permission_handler_apple: 9878588469a2b0d0fc1e048d9f43605f92e6cec2

PODFILE CHECKSUM: b5961ca827111133c6f57bb4fedc37bddd5d4fb5

COCOAPODS: 1.16.2
